
Microsoft Visual Studio Solution File, Format Version 12.00
# Visual Studio Version 17
VisualStudioVersion = 17.4.33205.214
MinimumVisualStudioVersion = 10.0.40219.1
Project("{2150E333-8FDC-42A3-9474-1A3956D46DE8}") = "Creation", "Creation", "{8DE66501-06C7-4A23-BAB0-124A57B00F35}"
EndProject
Project("{9A19103F-16F7-4668-BE54-9A1E7A4F7556}") = "FactoryMethod", "Creation\FactoryMethod\FactoryMethod\FactoryMethod.csproj", "{4303E663-2534-47CC-9AF5-A6FF274297B5}"
EndProject
Project("{9A19103F-16F7-4668-BE54-9A1E7A4F7556}") = "AbstractFactory", "Creation\AbstractFactory\AbstractFactory\AbstractFactory.csproj", "{BEC3C912-F443-4271-AEA8-E2808921C8B8}"
EndProject
Project("{9A19103F-16F7-4668-BE54-9A1E7A4F7556}") = "Singleton", "Creation\Singleton\Singleton\Singleton.csproj", "{FEC607F1-B8D7-4FED-9C4B-C288375D6FBB}"
EndProject
Project("{9A19103F-16F7-4668-BE54-9A1E7A4F7556}") = "Builder", "Creation\Builder\Builder\Builder.csproj", "{28A2723A-0301-4F7F-B48F-05FFE1755C9D}"
EndProject
Project("{9A19103F-16F7-4668-BE54-9A1E7A4F7556}") = "Prototype", "Creation\Prototype\Prototype\Prototype.csproj", "{187117C7-3929-46D6-80BC-A63D0583A520}"
EndProject
Project("{2150E333-8FDC-42A3-9474-1A3956D46DE8}") = "Structure", "Structure", "{C2035995-DFD1-4723-98A2-6DE71E6A06DB}"
EndProject
Project("{9A19103F-16F7-4668-BE54-9A1E7A4F7556}") = "Adapter", "Structure\Adapter\Adapter.csproj", "{A5A15E89-18B4-4F95-9255-E9D85897F873}"
EndProject
Project("{9A19103F-16F7-4668-BE54-9A1E7A4F7556}") = "Flyweight", "Structure\Flyweight\Flyweight\Flyweight.csproj", "{A941AE81-B382-4768-88FC-6D3EE5469740}"
EndProject
Project("{9A19103F-16F7-4668-BE54-9A1E7A4F7556}") = "Bridge", "Structure\Bridge\Bridge.csproj", "{D411407F-BF6A-477A-96CB-C64EBFE68EEE}"
EndProject
Project("{9A19103F-16F7-4668-BE54-9A1E7A4F7556}") = "Composite", "Structure\Composite\Composite.csproj", "{183A6C99-A52B-4E29-98F5-2E8712EE7859}"
EndProject
Project("{9A19103F-16F7-4668-BE54-9A1E7A4F7556}") = "Decorator", "Structure\Decorator\Decorator.csproj", "{80C86FE0-FB76-4D9F-A8A7-ED96467D25AB}"
EndProject
Project("{9A19103F-16F7-4668-BE54-9A1E7A4F7556}") = "Facade", "Structure\Facade\Facade.csproj", "{9F51D85D-1F7C-4049-ADFE-B12E23C3F06F}"
EndProject
Project("{9A19103F-16F7-4668-BE54-9A1E7A4F7556}") = "Proxy", "Structure\Proxy\Proxy.csproj", "{2DD453B1-88B1-4C5D-B016-2B590E3E4743}"
EndProject
Project("{2150E333-8FDC-42A3-9474-1A3956D46DE8}") = "Behavioral", "Behavioral", "{AFA3C965-EE46-442A-B8B5-86FE24DE868D}"
EndProject
Project("{9A19103F-16F7-4668-BE54-9A1E7A4F7556}") = "TemplateMethod", "Behavioral\TemplateMethod\TemplateMethod.csproj", "{8A8E71F3-8B86-47DE-A148-D10906F200AD}"
EndProject
Project("{9A19103F-16F7-4668-BE54-9A1E7A4F7556}") = "Observer", "Behavioral\Observer\Observer.csproj", "{4DEC4C13-94B6-409E-AD1F-2965D7D88CFC}"
EndProject
Project("{9A19103F-16F7-4668-BE54-9A1E7A4F7556}") = "Visitor", "Behavioral\Visitor\Visitor.csproj", "{76A3C666-F093-43DA-9342-7B692F903AC0}"
EndProject
Project("{9A19103F-16F7-4668-BE54-9A1E7A4F7556}") = "Command", "Behavioral\Command\Command.csproj", "{4D1A61AA-DCA9-4514-A508-EC80BF10F7DC}"
EndProject
Project("{9A19103F-16F7-4668-BE54-9A1E7A4F7556}") = "Strategy", "Behavioral\Strategy\Strategy.csproj", "{7EB398D2-A813-4417-B0AE-D0056AF9A1F8}"
EndProject
Project("{9A19103F-16F7-4668-BE54-9A1E7A4F7556}") = "ChainOfResponsability", "Behavioral\ChainOfResponsability\ChainOfResponsability.csproj", "{CE4F7E0E-8C8A-4A85-A4DA-88085D7DF226}"
EndProject
Project("{9A19103F-16F7-4668-BE54-9A1E7A4F7556}") = "Iterator", "Behavioral\Iterator\Iterator.csproj", "{673641B9-A844-48DE-B45D-B53747AF7E0A}"
EndProject
Project("{9A19103F-16F7-4668-BE54-9A1E7A4F7556}") = "Mediator", "Behavioral\Mediator\Mediator.csproj", "{2D38F8D3-3C03-43A9-98E5-AB2037FC9B16}"
EndProject
Project("{FAE04EC0-301F-11D3-BF4B-00C04F79EFBC}") = "Memento", "Behavioral\Memento\Memento.csproj", "{E06C9554-3DBB-4E0C-8396-4F2900DAB6B5}"
EndProject
Project("{FAE04EC0-301F-11D3-BF4B-00C04F79EFBC}") = "State", "Behavioral\State\State.csproj", "{1682346E-F65D-4B70-A6C3-3A2EACBDDE92}"
EndProject
Global
	GlobalSection(SolutionConfigurationPlatforms) = preSolution
		Debug|Any CPU = Debug|Any CPU
		Release|Any CPU = Release|Any CPU
	EndGlobalSection
	GlobalSection(ProjectConfigurationPlatforms) = postSolution
		{4303E663-2534-47CC-9AF5-A6FF274297B5}.Debug|Any CPU.ActiveCfg = Debug|Any CPU
		{4303E663-2534-47CC-9AF5-A6FF274297B5}.Debug|Any CPU.Build.0 = Debug|Any CPU
		{4303E663-2534-47CC-9AF5-A6FF274297B5}.Release|Any CPU.ActiveCfg = Release|Any CPU
		{4303E663-2534-47CC-9AF5-A6FF274297B5}.Release|Any CPU.Build.0 = Release|Any CPU
		{BEC3C912-F443-4271-AEA8-E2808921C8B8}.Debug|Any CPU.ActiveCfg = Debug|Any CPU
		{BEC3C912-F443-4271-AEA8-E2808921C8B8}.Debug|Any CPU.Build.0 = Debug|Any CPU
		{BEC3C912-F443-4271-AEA8-E2808921C8B8}.Release|Any CPU.ActiveCfg = Release|Any CPU
		{BEC3C912-F443-4271-AEA8-E2808921C8B8}.Release|Any CPU.Build.0 = Release|Any CPU
		{FEC607F1-B8D7-4FED-9C4B-C288375D6FBB}.Debug|Any CPU.ActiveCfg = Debug|Any CPU
		{FEC607F1-B8D7-4FED-9C4B-C288375D6FBB}.Debug|Any CPU.Build.0 = Debug|Any CPU
		{FEC607F1-B8D7-4FED-9C4B-C288375D6FBB}.Release|Any CPU.ActiveCfg = Release|Any CPU
		{FEC607F1-B8D7-4FED-9C4B-C288375D6FBB}.Release|Any CPU.Build.0 = Release|Any CPU
		{28A2723A-0301-4F7F-B48F-05FFE1755C9D}.Debug|Any CPU.ActiveCfg = Debug|Any CPU
		{28A2723A-0301-4F7F-B48F-05FFE1755C9D}.Debug|Any CPU.Build.0 = Debug|Any CPU
		{28A2723A-0301-4F7F-B48F-05FFE1755C9D}.Release|Any CPU.ActiveCfg = Release|Any CPU
		{28A2723A-0301-4F7F-B48F-05FFE1755C9D}.Release|Any CPU.Build.0 = Release|Any CPU
		{187117C7-3929-46D6-80BC-A63D0583A520}.Debug|Any CPU.ActiveCfg = Debug|Any CPU
		{187117C7-3929-46D6-80BC-A63D0583A520}.Debug|Any CPU.Build.0 = Debug|Any CPU
		{187117C7-3929-46D6-80BC-A63D0583A520}.Release|Any CPU.ActiveCfg = Release|Any CPU
		{187117C7-3929-46D6-80BC-A63D0583A520}.Release|Any CPU.Build.0 = Release|Any CPU
		{A5A15E89-18B4-4F95-9255-E9D85897F873}.Debug|Any CPU.ActiveCfg = Debug|Any CPU
		{A5A15E89-18B4-4F95-9255-E9D85897F873}.Debug|Any CPU.Build.0 = Debug|Any CPU
		{A5A15E89-18B4-4F95-9255-E9D85897F873}.Release|Any CPU.ActiveCfg = Release|Any CPU
		{A5A15E89-18B4-4F95-9255-E9D85897F873}.Release|Any CPU.Build.0 = Release|Any CPU
		{A941AE81-B382-4768-88FC-6D3EE5469740}.Debug|Any CPU.ActiveCfg = Debug|Any CPU
		{A941AE81-B382-4768-88FC-6D3EE5469740}.Debug|Any CPU.Build.0 = Debug|Any CPU
		{A941AE81-B382-4768-88FC-6D3EE5469740}.Release|Any CPU.ActiveCfg = Release|Any CPU
		{A941AE81-B382-4768-88FC-6D3EE5469740}.Release|Any CPU.Build.0 = Release|Any CPU
		{D411407F-BF6A-477A-96CB-C64EBFE68EEE}.Debug|Any CPU.ActiveCfg = Debug|Any CPU
		{D411407F-BF6A-477A-96CB-C64EBFE68EEE}.Debug|Any CPU.Build.0 = Debug|Any CPU
		{D411407F-BF6A-477A-96CB-C64EBFE68EEE}.Release|Any CPU.ActiveCfg = Release|Any CPU
		{D411407F-BF6A-477A-96CB-C64EBFE68EEE}.Release|Any CPU.Build.0 = Release|Any CPU
		{183A6C99-A52B-4E29-98F5-2E8712EE7859}.Debug|Any CPU.ActiveCfg = Debug|Any CPU
		{183A6C99-A52B-4E29-98F5-2E8712EE7859}.Debug|Any CPU.Build.0 = Debug|Any CPU
		{183A6C99-A52B-4E29-98F5-2E8712EE7859}.Release|Any CPU.ActiveCfg = Release|Any CPU
		{183A6C99-A52B-4E29-98F5-2E8712EE7859}.Release|Any CPU.Build.0 = Release|Any CPU
		{80C86FE0-FB76-4D9F-A8A7-ED96467D25AB}.Debug|Any CPU.ActiveCfg = Debug|Any CPU
		{80C86FE0-FB76-4D9F-A8A7-ED96467D25AB}.Debug|Any CPU.Build.0 = Debug|Any CPU
		{80C86FE0-FB76-4D9F-A8A7-ED96467D25AB}.Release|Any CPU.ActiveCfg = Release|Any CPU
		{80C86FE0-FB76-4D9F-A8A7-ED96467D25AB}.Release|Any CPU.Build.0 = Release|Any CPU
		{9F51D85D-1F7C-4049-ADFE-B12E23C3F06F}.Debug|Any CPU.ActiveCfg = Debug|Any CPU
		{9F51D85D-1F7C-4049-ADFE-B12E23C3F06F}.Debug|Any CPU.Build.0 = Debug|Any CPU
		{9F51D85D-1F7C-4049-ADFE-B12E23C3F06F}.Release|Any CPU.ActiveCfg = Release|Any CPU
		{9F51D85D-1F7C-4049-ADFE-B12E23C3F06F}.Release|Any CPU.Build.0 = Release|Any CPU
		{2DD453B1-88B1-4C5D-B016-2B590E3E4743}.Debug|Any CPU.ActiveCfg = Debug|Any CPU
		{2DD453B1-88B1-4C5D-B016-2B590E3E4743}.Debug|Any CPU.Build.0 = Debug|Any CPU
		{2DD453B1-88B1-4C5D-B016-2B590E3E4743}.Release|Any CPU.ActiveCfg = Release|Any CPU
		{2DD453B1-88B1-4C5D-B016-2B590E3E4743}.Release|Any CPU.Build.0 = Release|Any CPU
		{8A8E71F3-8B86-47DE-A148-D10906F200AD}.Debug|Any CPU.ActiveCfg = Debug|Any CPU
		{8A8E71F3-8B86-47DE-A148-D10906F200AD}.Debug|Any CPU.Build.0 = Debug|Any CPU
		{8A8E71F3-8B86-47DE-A148-D10906F200AD}.Release|Any CPU.ActiveCfg = Release|Any CPU
		{8A8E71F3-8B86-47DE-A148-D10906F200AD}.Release|Any CPU.Build.0 = Release|Any CPU
		{4DEC4C13-94B6-409E-AD1F-2965D7D88CFC}.Debug|Any CPU.ActiveCfg = Debug|Any CPU
		{4DEC4C13-94B6-409E-AD1F-2965D7D88CFC}.Debug|Any CPU.Build.0 = Debug|Any CPU
		{4DEC4C13-94B6-409E-AD1F-2965D7D88CFC}.Release|Any CPU.ActiveCfg = Release|Any CPU
		{4DEC4C13-94B6-409E-AD1F-2965D7D88CFC}.Release|Any CPU.Build.0 = Release|Any CPU
		{76A3C666-F093-43DA-9342-7B692F903AC0}.Debug|Any CPU.ActiveCfg = Debug|Any CPU
		{76A3C666-F093-43DA-9342-7B692F903AC0}.Debug|Any CPU.Build.0 = Debug|Any CPU
		{76A3C666-F093-43DA-9342-7B692F903AC0}.Release|Any CPU.ActiveCfg = Release|Any CPU
		{76A3C666-F093-43DA-9342-7B692F903AC0}.Release|Any CPU.Build.0 = Release|Any CPU
		{4D1A61AA-DCA9-4514-A508-EC80BF10F7DC}.Debug|Any CPU.ActiveCfg = Debug|Any CPU
		{4D1A61AA-DCA9-4514-A508-EC80BF10F7DC}.Debug|Any CPU.Build.0 = Debug|Any CPU
		{4D1A61AA-DCA9-4514-A508-EC80BF10F7DC}.Release|Any CPU.ActiveCfg = Release|Any CPU
		{4D1A61AA-DCA9-4514-A508-EC80BF10F7DC}.Release|Any CPU.Build.0 = Release|Any CPU
		{7EB398D2-A813-4417-B0AE-D0056AF9A1F8}.Debug|Any CPU.ActiveCfg = Debug|Any CPU
		{7EB398D2-A813-4417-B0AE-D0056AF9A1F8}.Debug|Any CPU.Build.0 = Debug|Any CPU
		{7EB398D2-A813-4417-B0AE-D0056AF9A1F8}.Release|Any CPU.ActiveCfg = Release|Any CPU
		{7EB398D2-A813-4417-B0AE-D0056AF9A1F8}.Release|Any CPU.Build.0 = Release|Any CPU
		{CE4F7E0E-8C8A-4A85-A4DA-88085D7DF226}.Debug|Any CPU.ActiveCfg = Debug|Any CPU
		{CE4F7E0E-8C8A-4A85-A4DA-88085D7DF226}.Debug|Any CPU.Build.0 = Debug|Any CPU
		{CE4F7E0E-8C8A-4A85-A4DA-88085D7DF226}.Release|Any CPU.ActiveCfg = Release|Any CPU
		{CE4F7E0E-8C8A-4A85-A4DA-88085D7DF226}.Release|Any CPU.Build.0 = Release|Any CPU
		{673641B9-A844-48DE-B45D-B53747AF7E0A}.Debug|Any CPU.ActiveCfg = Debug|Any CPU
		{673641B9-A844-48DE-B45D-B53747AF7E0A}.Debug|Any CPU.Build.0 = Debug|Any CPU
		{673641B9-A844-48DE-B45D-B53747AF7E0A}.Release|Any CPU.ActiveCfg = Release|Any CPU
		{673641B9-A844-48DE-B45D-B53747AF7E0A}.Release|Any CPU.Build.0 = Release|Any CPU
		{2D38F8D3-3C03-43A9-98E5-AB2037FC9B16}.Debug|Any CPU.ActiveCfg = Debug|Any CPU
		{2D38F8D3-3C03-43A9-98E5-AB2037FC9B16}.Debug|Any CPU.Build.0 = Debug|Any CPU
		{2D38F8D3-3C03-43A9-98E5-AB2037FC9B16}.Release|Any CPU.ActiveCfg = Release|Any CPU
		{2D38F8D3-3C03-43A9-98E5-AB2037FC9B16}.Release|Any CPU.Build.0 = Release|Any CPU
		{E06C9554-3DBB-4E0C-8396-4F2900DAB6B5}.Debug|Any CPU.ActiveCfg = Debug|Any CPU
		{E06C9554-3DBB-4E0C-8396-4F2900DAB6B5}.Debug|Any CPU.Build.0 = Debug|Any CPU
		{E06C9554-3DBB-4E0C-8396-4F2900DAB6B5}.Release|Any CPU.ActiveCfg = Release|Any CPU
		{E06C9554-3DBB-4E0C-8396-4F2900DAB6B5}.Release|Any CPU.Build.0 = Release|Any CPU
		{1682346E-F65D-4B70-A6C3-3A2EACBDDE92}.Debug|Any CPU.ActiveCfg = Debug|Any CPU
		{1682346E-F65D-4B70-A6C3-3A2EACBDDE92}.Debug|Any CPU.Build.0 = Debug|Any CPU
		{1682346E-F65D-4B70-A6C3-3A2EACBDDE92}.Release|Any CPU.ActiveCfg = Release|Any CPU
		{1682346E-F65D-4B70-A6C3-3A2EACBDDE92}.Release|Any CPU.Build.0 = Release|Any CPU
	EndGlobalSection
	GlobalSection(SolutionProperties) = preSolution
		HideSolutionNode = FALSE
	EndGlobalSection
	GlobalSection(NestedProjects) = preSolution
		{4303E663-2534-47CC-9AF5-A6FF274297B5} = {8DE66501-06C7-4A23-BAB0-124A57B00F35}
		{BEC3C912-F443-4271-AEA8-E2808921C8B8} = {8DE66501-06C7-4A23-BAB0-124A57B00F35}
		{FEC607F1-B8D7-4FED-9C4B-C288375D6FBB} = {8DE66501-06C7-4A23-BAB0-124A57B00F35}
		{28A2723A-0301-4F7F-B48F-05FFE1755C9D} = {8DE66501-06C7-4A23-BAB0-124A57B00F35}
		{187117C7-3929-46D6-80BC-A63D0583A520} = {8DE66501-06C7-4A23-BAB0-124A57B00F35}
		{A5A15E89-18B4-4F95-9255-E9D85897F873} = {C2035995-DFD1-4723-98A2-6DE71E6A06DB}
		{A941AE81-B382-4768-88FC-6D3EE5469740} = {C2035995-DFD1-4723-98A2-6DE71E6A06DB}
		{D411407F-BF6A-477A-96CB-C64EBFE68EEE} = {C2035995-DFD1-4723-98A2-6DE71E6A06DB}
		{183A6C99-A52B-4E29-98F5-2E8712EE7859} = {C2035995-DFD1-4723-98A2-6DE71E6A06DB}
		{80C86FE0-FB76-4D9F-A8A7-ED96467D25AB} = {C2035995-DFD1-4723-98A2-6DE71E6A06DB}
		{9F51D85D-1F7C-4049-ADFE-B12E23C3F06F} = {C2035995-DFD1-4723-98A2-6DE71E6A06DB}
		{2DD453B1-88B1-4C5D-B016-2B590E3E4743} = {C2035995-DFD1-4723-98A2-6DE71E6A06DB}
		{8A8E71F3-8B86-47DE-A148-D10906F200AD} = {AFA3C965-EE46-442A-B8B5-86FE24DE868D}
		{4DEC4C13-94B6-409E-AD1F-2965D7D88CFC} = {AFA3C965-EE46-442A-B8B5-86FE24DE868D}
		{76A3C666-F093-43DA-9342-7B692F903AC0} = {AFA3C965-EE46-442A-B8B5-86FE24DE868D}
		{4D1A61AA-DCA9-4514-A508-EC80BF10F7DC} = {AFA3C965-EE46-442A-B8B5-86FE24DE868D}
		{7EB398D2-A813-4417-B0AE-D0056AF9A1F8} = {AFA3C965-EE46-442A-B8B5-86FE24DE868D}
		{CE4F7E0E-8C8A-4A85-A4DA-88085D7DF226} = {AFA3C965-EE46-442A-B8B5-86FE24DE868D}
		{673641B9-A844-48DE-B45D-B53747AF7E0A} = {AFA3C965-EE46-442A-B8B5-86FE24DE868D}
		{2D38F8D3-3C03-43A9-98E5-AB2037FC9B16} = {AFA3C965-EE46-442A-B8B5-86FE24DE868D}
		{E06C9554-3DBB-4E0C-8396-4F2900DAB6B5} = {AFA3C965-EE46-442A-B8B5-86FE24DE868D}
		{1682346E-F65D-4B70-A6C3-3A2EACBDDE92} = {AFA3C965-EE46-442A-B8B5-86FE24DE868D}
	EndGlobalSection
	GlobalSection(ExtensibilityGlobals) = postSolution
		SolutionGuid = {3ED21623-2D07-4B11-9FFE-F7D8752B3E3D}
	EndGlobalSection
EndGlobal
